
Microsoft Visual Studio Solution File, Format Version 12.00
# Visual Studio Version 17
VisualStudioVersion = 17.2.32616.157
MinimumVisualStudioVersion = 10.0.40219.1
Project("{FAE04EC0-301F-11D3-BF4B-00C04F79EFBC}") = "Lab_3_2_08", "Lab_3_2_08.csproj", "{9EF72FA9-7E58-4754-820D-FA155511939B}"
EndProject
Global
	GlobalSection(SolutionConfigurationPlatforms) = preSolution
		Debug|Any CPU = Debug|Any CPU
		Release|Any CPU = Release|Any CPU
	EndGlobalSection
	GlobalSection(ProjectConfigurationPlatforms) = postSolution
		{9EF72FA9-7E58-4754-820D-FA155511939B}.Debug|Any CPU.ActiveCfg = Debug|Any CPU
		{9EF72FA9-7E58-4754-820D-FA155511939B}.Debug|Any CPU.Build.0 = Debug|Any CPU
		{9EF72FA9-7E58-4754-820D-FA155511939B}.Release|Any CPU.ActiveCfg = Release|Any CPU
		{9EF72FA9-7E58-4754-820D-FA155511939B}.Release|Any CPU.Build.0 = Release|Any CPU
	EndGlobalSection
	GlobalSection(SolutionProperties) = preSolution
		HideSolutionNode = FALSE
	EndGlobalSection
	GlobalSection(ExtensibilityGlobals) = postSolution
		SolutionGuid = {3C2157A1-5E34-4813-80A0-F31EBD5BD4ED}
	EndGlobalSection
EndGlobal
